
Microsoft Visual Studio Solution File, Format Version 12.00
# Visual Studio 15
VisualStudioVersion = 15.0.28307.329
MinimumVisualStudioVersion = 10.0.40219.1
Project("{FAE04EC0-301F-11D3-BF4B-00C04F79EFBC}") = "HIPSClient.Runner", "HIPSClient.Runner\HIPSClient.Runner.csproj", "{82BB560F-9A66-41FA-9ACC-F9A0D0CD57FE}"
EndProject
Project("{FAE04EC0-301F-11D3-BF4B-00C04F79EFBC}") = "HIPSClient.Hips", "HIPSClient.Hips\HIPSClient.Hips.csproj", "{3E40815B-F8B3-4D40-A872-E897518C2939}"
EndProject
Project("{FAE04EC0-301F-11D3-BF4B-00C04F79EFBC}") = "HIPSClient.Common", "HIPSClient.Common\HIPSClient.Common.csproj", "{AA61F796-A939-4562-98F7-F2277A240239}"
EndProject
Project("{FAE04EC0-301F-11D3-BF4B-00C04F79EFBC}") = "HIPSClient.Test", "HIPSClient.Test\HIPSClient.Test.csproj", "{C2542C12-D22F-4BA6-A1E0-87642BCB181A}"
EndProject
Project("{FAE04EC0-301F-11D3-BF4B-00C04F79EFBC}") = "HIPSClient.HipsTinkerTool", "HIPSClient.HipsTinkerTool\HIPSClient.HipsTinkerTool.csproj", "{8B91A459-3B03-4FF4-A30E-B889C537FFA1}"
EndProject
Global
	GlobalSection(SolutionConfigurationPlatforms) = preSolution
		Debug|Any CPU = Debug|Any CPU
		Release|Any CPU = Release|Any CPU
	EndGlobalSection
	GlobalSection(ProjectConfigurationPlatforms) = postSolution
		{82BB560F-9A66-41FA-9ACC-F9A0D0CD57FE}.Debug|Any CPU.ActiveCfg = Debug|Any CPU
		{82BB560F-9A66-41FA-9ACC-F9A0D0CD57FE}.Debug|Any CPU.Build.0 = Debug|Any CPU
		{82BB560F-9A66-41FA-9ACC-F9A0D0CD57FE}.Release|Any CPU.ActiveCfg = Release|Any CPU
		{82BB560F-9A66-41FA-9ACC-F9A0D0CD57FE}.Release|Any CPU.Build.0 = Release|Any CPU
		{3E40815B-F8B3-4D40-A872-E897518C2939}.Debug|Any CPU.ActiveCfg = Debug|Any CPU
		{3E40815B-F8B3-4D40-A872-E897518C2939}.Debug|Any CPU.Build.0 = Debug|Any CPU
		{3E40815B-F8B3-4D40-A872-E897518C2939}.Release|Any CPU.ActiveCfg = Release|Any CPU
		{3E40815B-F8B3-4D40-A872-E897518C2939}.Release|Any CPU.Build.0 = Release|Any CPU
		{AA61F796-A939-4562-98F7-F2277A240239}.Debug|Any CPU.ActiveCfg = Debug|Any CPU
		{AA61F796-A939-4562-98F7-F2277A240239}.Debug|Any CPU.Build.0 = Debug|Any CPU
		{AA61F796-A939-4562-98F7-F2277A240239}.Release|Any CPU.ActiveCfg = Release|Any CPU
		{AA61F796-A939-4562-98F7-F2277A240239}.Release|Any CPU.Build.0 = Release|Any CPU
		{C2542C12-D22F-4BA6-A1E0-87642BCB181A}.Debug|Any CPU.ActiveCfg = Debug|Any CPU
		{C2542C12-D22F-4BA6-A1E0-87642BCB181A}.Debug|Any CPU.Build.0 = Debug|Any CPU
		{C2542C12-D22F-4BA6-A1E0-87642BCB181A}.Release|Any CPU.ActiveCfg = Release|Any CPU
		{C2542C12-D22F-4BA6-A1E0-87642BCB181A}.Release|Any CPU.Build.0 = Release|Any CPU
		{8B91A459-3B03-4FF4-A30E-B889C537FFA1}.Debug|Any CPU.ActiveCfg = Debug|Any CPU
		{8B91A459-3B03-4FF4-A30E-B889C537FFA1}.Debug|Any CPU.Build.0 = Debug|Any CPU
		{8B91A459-3B03-4FF4-A30E-B889C537FFA1}.Release|Any CPU.ActiveCfg = Release|Any CPU
		{8B91A459-3B03-4FF4-A30E-B889C537FFA1}.Release|Any CPU.Build.0 = Release|Any CPU
	EndGlobalSection
	GlobalSection(SolutionProperties) = preSolution
		HideSolutionNode = FALSE
	EndGlobalSection
	GlobalSection(ExtensibilityGlobals) = postSolution
		SolutionGuid = {C8658E41-50B2-4CE1-B9A3-A2A7BE07E998}
	EndGlobalSection
EndGlobal
